
Microsoft Visual Studio Solution File, Format Version 12.00
# Visual Studio Version 17
VisualStudioVersion = 17.4.33110.190
MinimumVisualStudioVersion = 10.0.40219.1
Project("{FAE04EC0-301F-11D3-BF4B-00C04F79EFBC}") = "Aephy.WEB", "Aephy.WEB\Aephy.WEB.csproj", "{792B9938-2E48-4029-8089-B588730FCE09}"
EndProject
Project("{FAE04EC0-301F-11D3-BF4B-00C04F79EFBC}") = "Aephy.API", "Aephy.API\Aephy.API.csproj", "{DA8C5A1F-B845-4832-9516-5855D7D5030A}"
EndProject
Global
	GlobalSection(SolutionConfigurationPlatforms) = preSolution
		Debug|Any CPU = Debug|Any CPU
		Release|Any CPU = Release|Any CPU
	EndGlobalSection
	GlobalSection(ProjectConfigurationPlatforms) = postSolution
		{792B9938-2E48-4029-8089-B588730FCE09}.Debug|Any CPU.ActiveCfg = Debug|Any CPU
		{792B9938-2E48-4029-8089-B588730FCE09}.Debug|Any CPU.Build.0 = Debug|Any CPU
		{792B9938-2E48-4029-8089-B588730FCE09}.Release|Any CPU.ActiveCfg = Release|Any CPU
		{792B9938-2E48-4029-8089-B588730FCE09}.Release|Any CPU.Build.0 = Release|Any CPU
		{DA8C5A1F-B845-4832-9516-5855D7D5030A}.Debug|Any CPU.ActiveCfg = Debug|Any CPU
		{DA8C5A1F-B845-4832-9516-5855D7D5030A}.Debug|Any CPU.Build.0 = Debug|Any CPU
		{DA8C5A1F-B845-4832-9516-5855D7D5030A}.Release|Any CPU.ActiveCfg = Release|Any CPU
		{DA8C5A1F-B845-4832-9516-5855D7D5030A}.Release|Any CPU.Build.0 = Release|Any CPU
	EndGlobalSection
	GlobalSection(SolutionProperties) = preSolution
		HideSolutionNode = FALSE
	EndGlobalSection
	GlobalSection(ExtensibilityGlobals) = postSolution
		SolutionGuid = {4D844DBF-16B2-43E1-A6EE-62E3CE23DFFB}
	EndGlobalSection
EndGlobal
