
Microsoft Visual Studio Solution File, Format Version 12.00
# Visual Studio Version 17
VisualStudioVersion = 17.4.33110.190
MinimumVisualStudioVersion = 10.0.40219.1
Project("{9A19103F-16F7-4668-BE54-9A1E7A4F7556}") = "Aephy.WEB", "Aephy.WEB\Aephy.WEB.csproj", "{792B9938-2E48-4029-8089-B588730FCE09}"
EndProject
Project("{9A19103F-16F7-4668-BE54-9A1E7A4F7556}") = "Aephy.API", "Aephy.API\Aephy.API.csproj", "{DA8C5A1F-B845-4832-9516-5855D7D5030A}"
EndProject
Project("{9A19103F-16F7-4668-BE54-9A1E7A4F7556}") = "Aephy.WEB.Admin", "Aephy.WEB.Admin\Aephy.WEB.Admin.csproj", "{F9FED9DF-EBFA-424B-AADB-F384AC3F65D0}"
EndProject
Project("{9A19103F-16F7-4668-BE54-9A1E7A4F7556}") = "Aephy.Helper", "Aephy.Helper\Aephy.Helper.csproj", "{EC5DBF74-065B-4FB7-B313-2581BAA0F6EA}"
EndProject
Project("{9A19103F-16F7-4668-BE54-9A1E7A4F7556}") = "Aephy.AzureFunction.App", "Aephy.AzureFunction.App\Aephy.AzureFunction.App.csproj", "{67DB67F7-D0B1-44D5-BF7C-D2DBE7B41AA6}"
EndProject
Global
	GlobalSection(SolutionConfigurationPlatforms) = preSolution
		Debug|Any CPU = Debug|Any CPU
		Release|Any CPU = Release|Any CPU
	EndGlobalSection
	GlobalSection(ProjectConfigurationPlatforms) = postSolution
		{792B9938-2E48-4029-8089-B588730FCE09}.Debug|Any CPU.ActiveCfg = Debug|Any CPU
		{792B9938-2E48-4029-8089-B588730FCE09}.Debug|Any CPU.Build.0 = Debug|Any CPU
		{792B9938-2E48-4029-8089-B588730FCE09}.Release|Any CPU.ActiveCfg = Release|Any CPU
		{792B9938-2E48-4029-8089-B588730FCE09}.Release|Any CPU.Build.0 = Release|Any CPU
		{DA8C5A1F-B845-4832-9516-5855D7D5030A}.Debug|Any CPU.ActiveCfg = Debug|Any CPU
		{DA8C5A1F-B845-4832-9516-5855D7D5030A}.Debug|Any CPU.Build.0 = Debug|Any CPU
		{DA8C5A1F-B845-4832-9516-5855D7D5030A}.Release|Any CPU.ActiveCfg = Release|Any CPU
		{DA8C5A1F-B845-4832-9516-5855D7D5030A}.Release|Any CPU.Build.0 = Release|Any CPU
		{F9FED9DF-EBFA-424B-AADB-F384AC3F65D0}.Debug|Any CPU.ActiveCfg = Debug|Any CPU
		{F9FED9DF-EBFA-424B-AADB-F384AC3F65D0}.Debug|Any CPU.Build.0 = Debug|Any CPU
		{F9FED9DF-EBFA-424B-AADB-F384AC3F65D0}.Release|Any CPU.ActiveCfg = Release|Any CPU
		{F9FED9DF-EBFA-424B-AADB-F384AC3F65D0}.Release|Any CPU.Build.0 = Release|Any CPU
		{EC5DBF74-065B-4FB7-B313-2581BAA0F6EA}.Debug|Any CPU.ActiveCfg = Debug|Any CPU
		{EC5DBF74-065B-4FB7-B313-2581BAA0F6EA}.Debug|Any CPU.Build.0 = Debug|Any CPU
		{EC5DBF74-065B-4FB7-B313-2581BAA0F6EA}.Release|Any CPU.ActiveCfg = Release|Any CPU
		{EC5DBF74-065B-4FB7-B313-2581BAA0F6EA}.Release|Any CPU.Build.0 = Release|Any CPU
		{67DB67F7-D0B1-44D5-BF7C-D2DBE7B41AA6}.Debug|Any CPU.ActiveCfg = Debug|Any CPU
		{67DB67F7-D0B1-44D5-BF7C-D2DBE7B41AA6}.Debug|Any CPU.Build.0 = Debug|Any CPU
		{67DB67F7-D0B1-44D5-BF7C-D2DBE7B41AA6}.Release|Any CPU.ActiveCfg = Release|Any CPU
		{67DB67F7-D0B1-44D5-BF7C-D2DBE7B41AA6}.Release|Any CPU.Build.0 = Release|Any CPU
	EndGlobalSection
	GlobalSection(SolutionProperties) = preSolution
		HideSolutionNode = FALSE
	EndGlobalSection
	GlobalSection(ExtensibilityGlobals) = postSolution
		SolutionGuid = {4D844DBF-16B2-43E1-A6EE-62E3CE23DFFB}
	EndGlobalSection
EndGlobal
